// !$*UTF8*$!
{
	archiveVersion = 1;
	classes = {
	};
	objectVersion = 51;
	objects = {

/* Begin PBXBuildFile section */
		12C121D3921FF7AB0407D25A /* Pods_MovieMania.framework in Frameworks */ = {isa = PBXBuildFile; fileRef = ED42DC3929B3628508C6F413 /* Pods_MovieMania.framework */; };
		41E1066EE538CBC32FFC9C31 /* Pods_MovieManiaTests.framework in Frameworks */ = {isa = PBXBuildFile; fileRef = 57BA1AE939D867FBB330B1D4 /* Pods_MovieManiaTests.framework */; };
		934FDF3DA256AB7532A50ACE /* Pods_MovieMania_MovieManiaUITests.framework in Frameworks */ = {isa = PBXBuildFile; fileRef = 40C8D450B69432E89BE16373 /* Pods_MovieMania_MovieManiaUITests.framework */; };
		E632FAAC25FFD677002208C7 /* ProfileVC.swift in Sources */ = {isa = PBXBuildFile; fileRef = E632FAAB25FFD677002208C7 /* ProfileVC.swift */; };
		E632FABD25FFDA99002208C7 /* Extensions.swift in Sources */ = {isa = PBXBuildFile; fileRef = E632FABC25FFDA99002208C7 /* Extensions.swift */; };
		E632FAC225FFDB8B002208C7 /* Environment.swift in Sources */ = {isa = PBXBuildFile; fileRef = E632FAC125FFDB8B002208C7 /* Environment.swift */; };
		E6B3350825FFD3FE00AE2CB4 /* AppDelegate.swift in Sources */ = {isa = PBXBuildFile; fileRef = E6B3350725FFD3FE00AE2CB4 /* AppDelegate.swift */; };
		E6B3350A25FFD3FE00AE2CB4 /* SceneDelegate.swift in Sources */ = {isa = PBXBuildFile; fileRef = E6B3350925FFD3FE00AE2CB4 /* SceneDelegate.swift */; };
		E6B3350C25FFD3FE00AE2CB4 /* ViewController.swift in Sources */ = {isa = PBXBuildFile; fileRef = E6B3350B25FFD3FE00AE2CB4 /* ViewController.swift */; };
		E6B3350F25FFD3FE00AE2CB4 /* Main.storyboard in Resources */ = {isa = PBXBuildFile; fileRef = E6B3350D25FFD3FE00AE2CB4 /* Main.storyboard */; };
		E6B3351125FFD3FF00AE2CB4 /* Assets.xcassets in Resources */ = {isa = PBXBuildFile; fileRef = E6B3351025FFD3FF00AE2CB4 /* Assets.xcassets */; };
		E6B3351425FFD3FF00AE2CB4 /* LaunchScreen.storyboard in Resources */ = {isa = PBXBuildFile; fileRef = E6B3351225FFD3FF00AE2CB4 /* LaunchScreen.storyboard */; };
		E6B3351F25FFD3FF00AE2CB4 /* MovieManiaTests.swift in Sources */ = {isa = PBXBuildFile; fileRef = E6B3351E25FFD3FF00AE2CB4 /* MovieManiaTests.swift */; };
		E6B3352A25FFD3FF00AE2CB4 /* MovieManiaUITests.swift in Sources */ = {isa = PBXBuildFile; fileRef = E6B3352925FFD3FF00AE2CB4 /* MovieManiaUITests.swift */; };
/* End PBXBuildFile section */

/* Begin PBXContainerItemProxy section */
		E6B3351B25FFD3FF00AE2CB4 /* PBXContainerItemProxy */ = {
			isa = PBXContainerItemProxy;
			containerPortal = E6B334FC25FFD3FE00AE2CB4 /* Project object */;
			proxyType = 1;
			remoteGlobalIDString = E6B3350325FFD3FE00AE2CB4;
			remoteInfo = MovieMania;
		};
		E6B3352625FFD3FF00AE2CB4 /* PBXContainerItemProxy */ = {
			isa = PBXContainerItemProxy;
			containerPortal = E6B334FC25FFD3FE00AE2CB4 /* Project object */;
			proxyType = 1;
			remoteGlobalIDString = E6B3350325FFD3FE00AE2CB4;
			remoteInfo = MovieMania;
		};
/* End PBXContainerItemProxy section */

/* Begin PBXFileReference section */
		28669F790C696FC1DF36392B /* Pods-MovieManiaTests.debug.xcconfig */ = {isa = PBXFileReference; includeInIndex = 1; lastKnownFileType = text.xcconfig; name = "Pods-MovieManiaTests.debug.xcconfig"; path = "Target Support Files/Pods-MovieManiaTests/Pods-MovieManiaTests.debug.xcconfig"; sourceTree = "<group>"; };
		2A8810821A8EA99FA47BB03E /* Pods-MovieManiaTests.release.xcconfig */ = {isa = PBXFileReference; includeInIndex = 1; lastKnownFileType = text.xcconfig; name = "Pods-MovieManiaTests.release.xcconfig"; path = "Target Support Files/Pods-MovieManiaTests/Pods-MovieManiaTests.release.xcconfig"; sourceTree = "<group>"; };
		3004DEC5D40B720FE0C1ADB9 /* Pods-MovieMania.release.xcconfig */ = {isa = PBXFileReference; includeInIndex = 1; lastKnownFileType = text.xcconfig; name = "Pods-MovieMania.release.xcconfig"; path = "Target Support Files/Pods-MovieMania/Pods-MovieMania.release.xcconfig"; sourceTree = "<group>"; };
		3D720754B7337D3B01271579 /* Pods-MovieMania.debug.xcconfig */ = {isa = PBXFileReference; includeInIndex = 1; lastKnownFileType = text.xcconfig; name = "Pods-MovieMania.debug.xcconfig"; path = "Target Support Files/Pods-MovieMania/Pods-MovieMania.debug.xcconfig"; sourceTree = "<group>"; };
		40C8D450B69432E89BE16373 /* Pods_MovieMania_MovieManiaUITests.framework */ = {isa = PBXFileReference; explicitFileType = wrapper.framework; includeInIndex = 0; path = Pods_MovieMania_MovieManiaUITests.framework; sourceTree = BUILT_PRODUCTS_DIR; };
		4785EEEEE957BEF460C7F0D4 /* Pods-MovieMania-MovieManiaUITests.debug.xcconfig */ = {isa = PBXFileReference; includeInIndex = 1; lastKnownFileType = text.xcconfig; name = "Pods-MovieMania-MovieManiaUITests.debug.xcconfig"; path = "Target Support Files/Pods-MovieMania-MovieManiaUITests/Pods-MovieMania-MovieManiaUITests.debug.xcconfig"; sourceTree = "<group>"; };
		57048E86A1D77DA86F521D0A /* Pods-MovieMania-MovieManiaUITests.release.xcconfig */ = {isa = PBXFileReference; includeInIndex = 1; lastKnownFileType = text.xcconfig; name = "Pods-MovieMania-MovieManiaUITests.release.xcconfig"; path = "Target Support Files/Pods-MovieMania-MovieManiaUITests/Pods-MovieMania-MovieManiaUITests.release.xcconfig"; sourceTree = "<group>"; };
		57BA1AE939D867FBB330B1D4 /* Pods_MovieManiaTests.framework */ = {isa = PBXFileReference; explicitFileType = wrapper.framework; includeInIndex = 0; path = Pods_MovieManiaTests.framework; sourceTree = BUILT_PRODUCTS_DIR; };
		E632FAAB25FFD677002208C7 /* ProfileVC.swift */ = {isa = PBXFileReference; lastKnownFileType = sourcecode.swift; path = ProfileVC.swift; sourceTree = "<group>"; };
		E632FABC25FFDA99002208C7 /* Extensions.swift */ = {isa = PBXFileReference; lastKnownFileType = sourcecode.swift; path = Extensions.swift; sourceTree = "<group>"; };
		E632FAC125FFDB8B002208C7 /* Environment.swift */ = {isa = PBXFileReference; lastKnownFileType = sourcecode.swift; path = Environment.swift; sourceTree = "<group>"; };
		E6B3350425FFD3FE00AE2CB4 /* MovieMania.app */ = {isa = PBXFileReference; explicitFileType = wrapper.application; includeInIndex = 0; path = MovieMania.app; sourceTree = BUILT_PRODUCTS_DIR; };
		E6B3350725FFD3FE00AE2CB4 /* AppDelegate.swift */ = {isa = PBXFileReference; lastKnownFileType = sourcecode.swift; path = AppDelegate.swift; sourceTree = "<group>"; };
		E6B3350925FFD3FE00AE2CB4 /* SceneDelegate.swift */ = {isa = PBXFileReference; lastKnownFileType = sourcecode.swift; path = SceneDelegate.swift; sourceTree = "<group>"; };
		E6B3350B25FFD3FE00AE2CB4 /* ViewController.swift */ = {isa = PBXFileReference; lastKnownFileType = sourcecode.swift; path = ViewController.swift; sourceTree = "<group>"; };
		E6B3350E25FFD3FE00AE2CB4 /* Base */ = {isa = PBXFileReference; lastKnownFileType = file.storyboard; name = Base; path = Base.lproj/Main.storyboard; sourceTree = "<group>"; };
		E6B3351025FFD3FF00AE2CB4 /* Assets.xcassets */ = {isa = PBXFileReference; lastKnownFileType = folder.assetcatalog; path = Assets.xcassets; sourceTree = "<group>"; };
		E6B3351325FFD3FF00AE2CB4 /* Base */ = {isa = PBXFileReference; lastKnownFileType = file.storyboard; name = Base; path = Base.lproj/LaunchScreen.storyboard; sourceTree = "<group>"; };
		E6B3351525FFD3FF00AE2CB4 /* Info.plist */ = {isa = PBXFileReference; lastKnownFileType = text.plist.xml; path = Info.plist; sourceTree = "<group>"; };
		E6B3351A25FFD3FF00AE2CB4 /* MovieManiaTests.xctest */ = {isa = PBXFileReference; explicitFileType = wrapper.cfbundle; includeInIndex = 0; path = MovieManiaTests.xctest; sourceTree = BUILT_PRODUCTS_DIR; };
		E6B3351E25FFD3FF00AE2CB4 /* MovieManiaTests.swift */ = {isa = PBXFileReference; lastKnownFileType = sourcecode.swift; path = MovieManiaTests.swift; sourceTree = "<group>"; };
		E6B3352025FFD3FF00AE2CB4 /* Info.plist */ = {isa = PBXFileReference; lastKnownFileType = text.plist.xml; path = Info.plist; sourceTree = "<group>"; };
		E6B3352525FFD3FF00AE2CB4 /* MovieManiaUITests.xctest */ = {isa = PBXFileReference; explicitFileType = wrapper.cfbundle; includeInIndex = 0; path = MovieManiaUITests.xctest; sourceTree = BUILT_PRODUCTS_DIR; };
		E6B3352925FFD3FF00AE2CB4 /* MovieManiaUITests.swift */ = {isa = PBXFileReference; lastKnownFileType = sourcecode.swift; path = MovieManiaUITests.swift; sourceTree = "<group>"; };
		E6B3352B25FFD3FF00AE2CB4 /* Info.plist */ = {isa = PBXFileReference; lastKnownFileType = text.plist.xml; path = Info.plist; sourceTree = "<group>"; };
		ED42DC3929B3628508C6F413 /* Pods_MovieMania.framework */ = {isa = PBXFileReference; explicitFileType = wrapper.framework; includeInIndex = 0; path = Pods_MovieMania.framework; sourceTree = BUILT_PRODUCTS_DIR; };
/* End PBXFileReference section */

/* Begin PBXFrameworksBuildPhase section */
		E6B3350125FFD3FE00AE2CB4 /* Frameworks */ = {
			isa = PBXFrameworksBuildPhase;
			buildActionMask = 2147483647;
			files = (
				12C121D3921FF7AB0407D25A /* Pods_MovieMania.framework in Frameworks */,
			);
			runOnlyForDeploymentPostprocessing = 0;
		};
		E6B3351725FFD3FF00AE2CB4 /* Frameworks */ = {
			isa = PBXFrameworksBuildPhase;
			buildActionMask = 2147483647;
			files = (
				41E1066EE538CBC32FFC9C31 /* Pods_MovieManiaTests.framework in Frameworks */,
			);
			runOnlyForDeploymentPostprocessing = 0;
		};
		E6B3352225FFD3FF00AE2CB4 /* Frameworks */ = {
			isa = PBXFrameworksBuildPhase;
			buildActionMask = 2147483647;
			files = (
				934FDF3DA256AB7532A50ACE /* Pods_MovieMania_MovieManiaUITests.framework in Frameworks */,
			);
			runOnlyForDeploymentPostprocessing = 0;
		};
/* End PBXFrameworksBuildPhase section */

/* Begin PBXGroup section */
		CAC65078C40A546DD6E6B783 /* Frameworks */ = {
			isa = PBXGroup;
			children = (
				ED42DC3929B3628508C6F413 /* Pods_MovieMania.framework */,
				40C8D450B69432E89BE16373 /* Pods_MovieMania_MovieManiaUITests.framework */,
				57BA1AE939D867FBB330B1D4 /* Pods_MovieManiaTests.framework */,
			);
			name = Frameworks;
			sourceTree = "<group>";
		};
		D4E49350346F807A15435BD6 /* Pods */ = {
			isa = PBXGroup;
			children = (
				3D720754B7337D3B01271579 /* Pods-MovieMania.debug.xcconfig */,
				3004DEC5D40B720FE0C1ADB9 /* Pods-MovieMania.release.xcconfig */,
				4785EEEEE957BEF460C7F0D4 /* Pods-MovieMania-MovieManiaUITests.debug.xcconfig */,
				57048E86A1D77DA86F521D0A /* Pods-MovieMania-MovieManiaUITests.release.xcconfig */,
				28669F790C696FC1DF36392B /* Pods-MovieManiaTests.debug.xcconfig */,
				2A8810821A8EA99FA47BB03E /* Pods-MovieManiaTests.release.xcconfig */,
			);
			path = Pods;
			sourceTree = "<group>";
		};
		E632FAAA25FFD65E002208C7 /* ProfileAuthentication */ = {
			isa = PBXGroup;
			children = (
				E632FAAB25FFD677002208C7 /* ProfileVC.swift */,
			);
			path = ProfileAuthentication;
			sourceTree = "<group>";
		};
		E632FABB25FFDA8C002208C7 /* Helpers */ = {
			isa = PBXGroup;
			children = (
				E632FABC25FFDA99002208C7 /* Extensions.swift */,
			);
			path = Helpers;
			sourceTree = "<group>";
		};
		E632FAC625FFDE63002208C7 /* Environment */ = {
			isa = PBXGroup;
			children = (
				E632FAC125FFDB8B002208C7 /* Environment.swift */,
			);
			path = Environment;
			sourceTree = "<group>";
		};
		E6B334FB25FFD3FE00AE2CB4 = {
			isa = PBXGroup;
			children = (
				E6B3350625FFD3FE00AE2CB4 /* MovieMania */,
				E6B3351D25FFD3FF00AE2CB4 /* MovieManiaTests */,
				E6B3352825FFD3FF00AE2CB4 /* MovieManiaUITests */,
				E6B3350525FFD3FE00AE2CB4 /* Products */,
				D4E49350346F807A15435BD6 /* Pods */,
				CAC65078C40A546DD6E6B783 /* Frameworks */,
			);
			sourceTree = "<group>";
		};
		E6B3350525FFD3FE00AE2CB4 /* Products */ = {
			isa = PBXGroup;
			children = (
				E6B3350425FFD3FE00AE2CB4 /* MovieMania.app */,
				E6B3351A25FFD3FF00AE2CB4 /* MovieManiaTests.xctest */,
				E6B3352525FFD3FF00AE2CB4 /* MovieManiaUITests.xctest */,
			);
			name = Products;
			sourceTree = "<group>";
		};
		E6B3350625FFD3FE00AE2CB4 /* MovieMania */ = {
			isa = PBXGroup;
			children = (
				E632FAC625FFDE63002208C7 /* Environment */,
				E632FABB25FFDA8C002208C7 /* Helpers */,
				E632FAAA25FFD65E002208C7 /* ProfileAuthentication */,
				E6B3350725FFD3FE00AE2CB4 /* AppDelegate.swift */,
				E6B3350925FFD3FE00AE2CB4 /* SceneDelegate.swift */,
				E6B3350B25FFD3FE00AE2CB4 /* ViewController.swift */,
				E6B3350D25FFD3FE00AE2CB4 /* Main.storyboard */,
				E6B3351025FFD3FF00AE2CB4 /* Assets.xcassets */,
				E6B3351225FFD3FF00AE2CB4 /* LaunchScreen.storyboard */,
				E6B3351525FFD3FF00AE2CB4 /* Info.plist */,
			);
			path = MovieMania;
			sourceTree = "<group>";
		};
		E6B3351D25FFD3FF00AE2CB4 /* MovieManiaTests */ = {
			isa = PBXGroup;
			children = (
				E6B3351E25FFD3FF00AE2CB4 /* MovieManiaTests.swift */,
				E6B3352025FFD3FF00AE2CB4 /* Info.plist */,
			);
			path = MovieManiaTests;
			sourceTree = "<group>";
		};
		E6B3352825FFD3FF00AE2CB4 /* MovieManiaUITests */ = {
			isa = PBXGroup;
			children = (
				E6B3352925FFD3FF00AE2CB4 /* MovieManiaUITests.swift */,
				E6B3352B25FFD3FF00AE2CB4 /* Info.plist */,
			);
			path = MovieManiaUITests;
			sourceTree = "<group>";
		};
/* End PBXGroup section */

/* Begin PBXNativeTarget section */
		E6B3350325FFD3FE00AE2CB4 /* MovieMania */ = {
			isa = PBXNativeTarget;
			buildConfigurationList = E6B3352E25FFD3FF00AE2CB4 /* Build configuration list for PBXNativeTarget "MovieMania" */;
			buildPhases = (
				5DABF3EC940DF506E88E3470 /* [CP] Check Pods Manifest.lock */,
				E6B3350025FFD3FE00AE2CB4 /* Sources */,
				E6B3350125FFD3FE00AE2CB4 /* Frameworks */,
				E6B3350225FFD3FE00AE2CB4 /* Resources */,
				FB009915E39978C5E0679C13 /* [CP] Embed Pods Frameworks */,
			);
			buildRules = (
			);
			dependencies = (
			);
			name = MovieMania;
			productName = MovieMania;
			productReference = E6B3350425FFD3FE00AE2CB4 /* MovieMania.app */;
			productType = "com.apple.product-type.application";
		};
		E6B3351925FFD3FF00AE2CB4 /* MovieManiaTests */ = {
			isa = PBXNativeTarget;
			buildConfigurationList = E6B3353125FFD3FF00AE2CB4 /* Build configuration list for PBXNativeTarget "MovieManiaTests" */;
			buildPhases = (
				5B4CDA6E880A51E6302FCD91 /* [CP] Check Pods Manifest.lock */,
				E6B3351625FFD3FF00AE2CB4 /* Sources */,
				E6B3351725FFD3FF00AE2CB4 /* Frameworks */,
				E6B3351825FFD3FF00AE2CB4 /* Resources */,
			);
			buildRules = (
			);
			dependencies = (
				E6B3351C25FFD3FF00AE2CB4 /* PBXTargetDependency */,
			);
			name = MovieManiaTests;
			productName = MovieManiaTests;
			productReference = E6B3351A25FFD3FF00AE2CB4 /* MovieManiaTests.xctest */;
			productType = "com.apple.product-type.bundle.unit-test";
		};
		E6B3352425FFD3FF00AE2CB4 /* MovieManiaUITests */ = {
			isa = PBXNativeTarget;
			buildConfigurationList = E6B3353425FFD3FF00AE2CB4 /* Build configuration list for PBXNativeTarget "MovieManiaUITests" */;
			buildPhases = (
				CAE39ECB994F3CE74DA3AA08 /* [CP] Check Pods Manifest.lock */,
				E6B3352125FFD3FF00AE2CB4 /* Sources */,
				E6B3352225FFD3FF00AE2CB4 /* Frameworks */,
				E6B3352325FFD3FF00AE2CB4 /* Resources */,
				246303B75F34236390EEC366 /* [CP] Embed Pods Frameworks */,
			);
			buildRules = (
			);
			dependencies = (
				E6B3352725FFD3FF00AE2CB4 /* PBXTargetDependency */,
			);
			name = MovieManiaUITests;
			productName = MovieManiaUITests;
			productReference = E6B3352525FFD3FF00AE2CB4 /* MovieManiaUITests.xctest */;
			productType = "com.apple.product-type.bundle.ui-testing";
		};
/* End PBXNativeTarget section */

/* Begin PBXProject section */
		E6B334FC25FFD3FE00AE2CB4 /* Project object */ = {
			isa = PBXProject;
			attributes = {
				LastSwiftUpdateCheck = 1220;
				LastUpgradeCheck = 1220;
				TargetAttributes = {
					E6B3350325FFD3FE00AE2CB4 = {
						CreatedOnToolsVersion = 12.2;
					};
					E6B3351925FFD3FF00AE2CB4 = {
						CreatedOnToolsVersion = 12.2;
						TestTargetID = E6B3350325FFD3FE00AE2CB4;
					};
					E6B3352425FFD3FF00AE2CB4 = {
						CreatedOnToolsVersion = 12.2;
						TestTargetID = E6B3350325FFD3FE00AE2CB4;
					};
				};
			};
			buildConfigurationList = E6B334FF25FFD3FE00AE2CB4 /* Build configuration list for PBXProject "MovieMania" */;
			compatibilityVersion = "Xcode 9.3";
			developmentRegion = en;
			hasScannedForEncodings = 0;
			knownRegions = (
				en,
				Base,
			);
			mainGroup = E6B334FB25FFD3FE00AE2CB4;
			productRefGroup = E6B3350525FFD3FE00AE2CB4 /* Products */;
			projectDirPath = "";
			projectRoot = "";
			targets = (
				E6B3350325FFD3FE00AE2CB4 /* MovieMania */,
				E6B3351925FFD3FF00AE2CB4 /* MovieManiaTests */,
				E6B3352425FFD3FF00AE2CB4 /* MovieManiaUITests */,
			);
		};
/* End PBXProject section */

/* Begin PBXResourcesBuildPhase section */
		E6B3350225FFD3FE00AE2CB4 /* Resources */ = {
			isa = PBXResourcesBuildPhase;
			buildActionMask = 2147483647;
			files = (
				E6B3351425FFD3FF00AE2CB4 /* LaunchScreen.storyboard in Resources */,
				E6B3351125FFD3FF00AE2CB4 /* Assets.xcassets in Resources */,
				E6B3350F25FFD3FE00AE2CB4 /* Main.storyboard in Resources */,
			);
			runOnlyForDeploymentPostprocessing = 0;
		};
		E6B3351825FFD3FF00AE2CB4 /* Resources */ = {
			isa = PBXResourcesBuildPhase;
			buildActionMask = 2147483647;
			files = (
			);
			runOnlyForDeploymentPostprocessing = 0;
		};
		E6B3352325FFD3FF00AE2CB4 /* Resources */ = {
			isa = PBXResourcesBuildPhase;
			buildActionMask = 2147483647;
			files = (
			);
			runOnlyForDeploymentPostprocessing = 0;
		};
/* End PBXResourcesBuildPhase section */

/* Begin PBXShellScriptBuildPhase section */
		246303B75F34236390EEC366 /* [CP] Embed Pods Frameworks */ = {
			isa = PBXShellScriptBuildPhase;
			buildActionMask = 2147483647;
			files = (
			);
			inputFileListPaths = (
				"${PODS_ROOT}/Target Support Files/Pods-MovieMania-MovieManiaUITests/Pods-MovieMania-MovieManiaUITests-frameworks-${CONFIGURATION}-input-files.xcfilelist",
			);
			name = "[CP] Embed Pods Frameworks";
			outputFileListPaths = (
				"${PODS_ROOT}/Target Support Files/Pods-MovieMania-MovieManiaUITests/Pods-MovieMania-MovieManiaUITests-frameworks-${CONFIGURATION}-output-files.xcfilelist",
			);
			runOnlyForDeploymentPostprocessing = 0;
			shellPath = /bin/sh;
			shellScript = "\"${PODS_ROOT}/Target Support Files/Pods-MovieMania-MovieManiaUITests/Pods-MovieMania-MovieManiaUITests-frameworks.sh\"\n";
			showEnvVarsInLog = 0;
		};
		5B4CDA6E880A51E6302FCD91 /* [CP] Check Pods Manifest.lock */ = {
			isa = PBXShellScriptBuildPhase;
			buildActionMask = 2147483647;
			files = (
			);
			inputFileListPaths = (
			);
			inputPaths = (
				"${PODS_PODFILE_DIR_PATH}/Podfile.lock",
				"${PODS_ROOT}/Manifest.lock",
			);
			name = "[CP] Check Pods Manifest.lock";
			outputFileListPaths = (
			);
			outputPaths = (
				"$(DERIVED_FILE_DIR)/Pods-MovieManiaTests-checkManifestLockResult.txt",
			);
			runOnlyForDeploymentPostprocessing = 0;
			shellPath = /bin/sh;
			shellScript = "diff \"${PODS_PODFILE_DIR_PATH}/Podfile.lock\" \"${PODS_ROOT}/Manifest.lock\" > /dev/null\nif [ $? != 0 ] ; then\n    # print error to STDERR\n    echo \"error: The sandbox is not in sync with the Podfile.lock. Run 'pod install' or update your CocoaPods installation.\" >&2\n    exit 1\nfi\n# This output is used by Xcode 'outputs' to avoid re-running this script phase.\necho \"SUCCESS\" > \"${SCRIPT_OUTPUT_FILE_0}\"\n";
			showEnvVarsInLog = 0;
		};
		5DABF3EC940DF506E88E3470 /* [CP] Check Pods Manifest.lock */ = {
			isa = PBXShellScriptBuildPhase;
			buildActionMask = 2147483647;
			files = (
			);
			inputFileListPaths = (
			);
			inputPaths = (
				"${PODS_PODFILE_DIR_PATH}/Podfile.lock",
				"${PODS_ROOT}/Manifest.lock",
			);
			name = "[CP] Check Pods Manifest.lock";
			outputFileListPaths = (
			);
			outputPaths = (
				"$(DERIVED_FILE_DIR)/Pods-MovieMania-checkManifestLockResult.txt",
			);
			runOnlyForDeploymentPostprocessing = 0;
			shellPath = /bin/sh;
			shellScript = "diff \"${PODS_PODFILE_DIR_PATH}/Podfile.lock\" \"${PODS_ROOT}/Manifest.lock\" > /dev/null\nif [ $? != 0 ] ; then\n    # print error to STDERR\n    echo \"error: The sandbox is not in sync with the Podfile.lock. Run 'pod install' or update your CocoaPods installation.\" >&2\n    exit 1\nfi\n# This output is used by Xcode 'outputs' to avoid re-running this script phase.\necho \"SUCCESS\" > \"${SCRIPT_OUTPUT_FILE_0}\"\n";
			showEnvVarsInLog = 0;
		};
		CAE39ECB994F3CE74DA3AA08 /* [CP] Check Pods Manifest.lock */ = {
			isa = PBXShellScriptBuildPhase;
			buildActionMask = 2147483647;
			files = (
			);
			inputFileListPaths = (
			);
			inputPaths = (
				"${PODS_PODFILE_DIR_PATH}/Podfile.lock",
				"${PODS_ROOT}/Manifest.lock",
			);
			name = "[CP] Check Pods Manifest.lock";
			outputFileListPaths = (
			);
			outputPaths = (
				"$(DERIVED_FILE_DIR)/Pods-MovieMania-MovieManiaUITests-checkManifestLockResult.txt",
			);
			runOnlyForDeploymentPostprocessing = 0;
			shellPath = /bin/sh;
			shellScript = "diff \"${PODS_PODFILE_DIR_PATH}/Podfile.lock\" \"${PODS_ROOT}/Manifest.lock\" > /dev/null\nif [ $? != 0 ] ; then\n    # print error to STDERR\n    echo \"error: The sandbox is not in sync with the Podfile.lock. Run 'pod install' or update your CocoaPods installation.\" >&2\n    exit 1\nfi\n# This output is used by Xcode 'outputs' to avoid re-running this script phase.\necho \"SUCCESS\" > \"${SCRIPT_OUTPUT_FILE_0}\"\n";
			showEnvVarsInLog = 0;
		};
		FB009915E39978C5E0679C13 /* [CP] Embed Pods Frameworks */ = {
			isa = PBXShellScriptBuildPhase;
			buildActionMask = 2147483647;
			files = (
			);
			inputFileListPaths = (
				"${PODS_ROOT}/Target Support Files/Pods-MovieMania/Pods-MovieMania-frameworks-${CONFIGURATION}-input-files.xcfilelist",
			);
			name = "[CP] Embed Pods Frameworks";
			outputFileListPaths = (
				"${PODS_ROOT}/Target Support Files/Pods-MovieMania/Pods-MovieMania-frameworks-${CONFIGURATION}-output-files.xcfilelist",
			);
			runOnlyForDeploymentPostprocessing = 0;
			shellPath = /bin/sh;
			shellScript = "\"${PODS_ROOT}/Target Support Files/Pods-MovieMania/Pods-MovieMania-frameworks.sh\"\n";
			showEnvVarsInLog = 0;
		};
/* End PBXShellScriptBuildPhase section */

/* Begin PBXSourcesBuildPhase section */
		E6B3350025FFD3FE00AE2CB4 /* Sources */ = {
			isa = PBXSourcesBuildPhase;
			buildActionMask = 2147483647;
			files = (
				E632FABD25FFDA99002208C7 /* Extensions.swift in Sources */,
				E632FAC225FFDB8B002208C7 /* Environment.swift in Sources */,
				E632FAAC25FFD677002208C7 /* ProfileVC.swift in Sources */,
				E6B3350C25FFD3FE00AE2CB4 /* ViewController.swift in Sources */,
				E6B3350825FFD3FE00AE2CB4 /* AppDelegate.swift in Sources */,
				E6B3350A25FFD3FE00AE2CB4 /* SceneDelegate.swift in Sources */,
			);
			runOnlyForDeploymentPostprocessing = 0;
		};
		E6B3351625FFD3FF00AE2CB4 /* Sources */ = {
			isa = PBXSourcesBuildPhase;
			buildActionMask = 2147483647;
			files = (
				E6B3351F25FFD3FF00AE2CB4 /* MovieManiaTests.swift in Sources */,
			);
			runOnlyForDeploymentPostprocessing = 0;
		};
		E6B3352125FFD3FF00AE2CB4 /* Sources */ = {
			isa = PBXSourcesBuildPhase;
			buildActionMask = 2147483647;
			files = (
				E6B3352A25FFD3FF00AE2CB4 /* MovieManiaUITests.swift in Sources */,
			);
			runOnlyForDeploymentPostprocessing = 0;
		};
/* End PBXSourcesBuildPhase section */

/* Begin PBXTargetDependency section */
		E6B3351C25FFD3FF00AE2CB4 /* PBXTargetDependency */ = {
			isa = PBXTargetDependency;
			target = E6B3350325FFD3FE00AE2CB4 /* MovieMania */;
			targetProxy = E6B3351B25FFD3FF00AE2CB4 /* PBXContainerItemProxy */;
		};
		E6B3352725FFD3FF00AE2CB4 /* PBXTargetDependency */ = {
			isa = PBXTargetDependency;
			target = E6B3350325FFD3FE00AE2CB4 /* MovieMania */;
			targetProxy = E6B3352625FFD3FF00AE2CB4 /* PBXContainerItemProxy */;
		};
/* End PBXTargetDependency section */

/* Begin PBXVariantGroup section */
		E6B3350D25FFD3FE00AE2CB4 /* Main.storyboard */ = {
			isa = PBXVariantGroup;
			children = (
				E6B3350E25FFD3FE00AE2CB4 /* Base */,
			);
			name = Main.storyboard;
			sourceTree = "<group>";
		};
		E6B3351225FFD3FF00AE2CB4 /* LaunchScreen.storyboard */ = {
			isa = PBXVariantGroup;
			children = (
				E6B3351325FFD3FF00AE2CB4 /* Base */,
			);
			name = LaunchScreen.storyboard;
			sourceTree = "<group>";
		};
/* End PBXVariantGroup section */

/* Begin XCBuildConfiguration section */
		E6B3352C25FFD3FF00AE2CB4 /* Debug */ = {
			isa = XCBuildConfiguration;
			buildSettings = {
				ALWAYS_SEARCH_USER_PATHS = NO;
				CLANG_ANALYZER_NONNULL = YES;
				CLANG_ANALYZER_NUMBER_OBJECT_CONVERSION = YES_AGGRESSIVE;
				CLANG_CXX_LANGUAGE_STANDARD = "gnu++14";
				CLANG_CXX_LIBRARY = "libc++";
				CLANG_ENABLE_MODULES = YES;
				CLANG_ENABLE_OBJC_ARC = YES;
				CLANG_ENABLE_OBJC_WEAK = YES;
				CLANG_WARN_BLOCK_CAPTURE_AUTORELEASING = YES;
				CLANG_WARN_BOOL_CONVERSION = YES;
				CLANG_WARN_COMMA = YES;
				CLANG_WARN_CONSTANT_CONVERSION = YES;
				CLANG_WARN_DEPRECATED_OBJC_IMPLEMENTATIONS = YES;
				CLANG_WARN_DIRECT_OBJC_ISA_USAGE = YES_ERROR;
				CLANG_WARN_DOCUMENTATION_COMMENTS = YES;
				CLANG_WARN_EMPTY_BODY = YES;
				CLANG_WARN_ENUM_CONVERSION = YES;
				CLANG_WARN_INFINITE_RECURSION = YES;
				CLANG_WARN_INT_CONVERSION = YES;
				CLANG_WARN_NON_LITERAL_NULL_CONVERSION = YES;
				CLANG_WARN_OBJC_IMPLICIT_RETAIN_SELF = YES;
				CLANG_WARN_OBJC_LITERAL_CONVERSION = YES;
				CLANG_WARN_OBJC_ROOT_CLASS = YES_ERROR;
				CLANG_WARN_QUOTED_INCLUDE_IN_FRAMEWORK_HEADER = YES;
				CLANG_WARN_RANGE_LOOP_ANALYSIS = YES;
				CLANG_WARN_STRICT_PROTOTYPES = YES;
				CLANG_WARN_SUSPICIOUS_MOVE = YES;
				CLANG_WARN_UNGUARDED_AVAILABILITY = YES_AGGRESSIVE;
				CLANG_WARN_UNREACHABLE_CODE = YES;
				CLANG_WARN__DUPLICATE_METHOD_MATCH = YES;
				COPY_PHASE_STRIP = NO;
				DEBUG_INFORMATION_FORMAT = dwarf;
				ENABLE_STRICT_OBJC_MSGSEND = YES;
				ENABLE_TESTABILITY = YES;
				GCC_C_LANGUAGE_STANDARD = gnu11;
				GCC_DYNAMIC_NO_PIC = NO;
				GCC_NO_COMMON_BLOCKS = YES;
				GCC_OPTIMIZATION_LEVEL = 0;
				GCC_PREPROCESSOR_DEFINITIONS = (
					"DEBUG=1",
					"$(inherited)",
				);
				GCC_WARN_64_TO_32_BIT_CONVERSION = YES;
				GCC_WARN_ABOUT_RETURN_TYPE = YES_ERROR;
				GCC_WARN_UNDECLARED_SELECTOR = YES;
				GCC_WARN_UNINITIALIZED_AUTOS = YES_AGGRESSIVE;
				GCC_WARN_UNUSED_FUNCTION = YES;
				GCC_WARN_UNUSED_VARIABLE = YES;
				IPHONEOS_DEPLOYMENT_TARGET = 14.2;
				MTL_ENABLE_DEBUG_INFO = INCLUDE_SOURCE;
				MTL_FAST_MATH = YES;
				ONLY_ACTIVE_ARCH = YES;
				SDKROOT = iphoneos;
				SWIFT_ACTIVE_COMPILATION_CONDITIONS = DEBUG;
				SWIFT_OPTIMIZATION_LEVEL = "-Onone";
			};
			name = Debug;
		};
		E6B3352D25FFD3FF00AE2CB4 /* Release */ = {
			isa = XCBuildConfiguration;
			buildSettings = {
				ALWAYS_SEARCH_USER_PATHS = NO;
				CLANG_ANALYZER_NONNULL = YES;
				CLANG_ANALYZER_NUMBER_OBJECT_CONVERSION = YES_AGGRESSIVE;
				CLANG_CXX_LANGUAGE_STANDARD = "gnu++14";
				CLANG_CXX_LIBRARY = "libc++";
				CLANG_ENABLE_MODULES = YES;
				CLANG_ENABLE_OBJC_ARC = YES;
				CLANG_ENABLE_OBJC_WEAK = YES;
				CLANG_WARN_BLOCK_CAPTURE_AUTORELEASING = YES;
				CLANG_WARN_BOOL_CONVERSION = YES;
				CLANG_WARN_COMMA = YES;
				CLANG_WARN_CONSTANT_CONVERSION = YES;
				CLANG_WARN_DEPRECATED_OBJC_IMPLEMENTATIONS = YES;
				CLANG_WARN_DIRECT_OBJC_ISA_USAGE = YES_ERROR;
				CLANG_WARN_DOCUMENTATION_COMMENTS = YES;
				CLANG_WARN_EMPTY_BODY = YES;
				CLANG_WARN_ENUM_CONVERSION = YES;
				CLANG_WARN_INFINITE_RECURSION = YES;
				CLANG_WARN_INT_CONVERSION = YES;
				CLANG_WARN_NON_LITERAL_NULL_CONVERSION = YES;
				CLANG_WARN_OBJC_IMPLICIT_RETAIN_SELF = YES;
				CLANG_WARN_OBJC_LITERAL_CONVERSION = YES;
				CLANG_WARN_OBJC_ROOT_CLASS = YES_ERROR;
				CLANG_WARN_QUOTED_INCLUDE_IN_FRAMEWORK_HEADER = YES;
				CLANG_WARN_RANGE_LOOP_ANALYSIS = YES;
				CLANG_WARN_STRICT_PROTOTYPES = YES;
				CLANG_WARN_SUSPICIOUS_MOVE = YES;
				CLANG_WARN_UNGUARDED_AVAILABILITY = YES_AGGRESSIVE;
				CLANG_WARN_UNREACHABLE_CODE = YES;
				CLANG_WARN__DUPLICATE_METHOD_MATCH = YES;
				COPY_PHASE_STRIP = NO;
				DEBUG_INFORMATION_FORMAT = "dwarf-with-dsym";
				ENABLE_NS_ASSERTIONS = NO;
				ENABLE_STRICT_OBJC_MSGSEND = YES;
				GCC_C_LANGUAGE_STANDARD = gnu11;
				GCC_NO_COMMON_BLOCKS = YES;
				GCC_WARN_64_TO_32_BIT_CONVERSION = YES;
				GCC_WARN_ABOUT_RETURN_TYPE = YES_ERROR;
				GCC_WARN_UNDECLARED_SELECTOR = YES;
				GCC_WARN_UNINITIALIZED_AUTOS = YES_AGGRESSIVE;
				GCC_WARN_UNUSED_FUNCTION = YES;
				GCC_WARN_UNUSED_VARIABLE = YES;
				IPHONEOS_DEPLOYMENT_TARGET = 14.2;
				MTL_ENABLE_DEBUG_INFO = NO;
				MTL_FAST_MATH = YES;
				SDKROOT = iphoneos;
				SWIFT_COMPILATION_MODE = wholemodule;
				SWIFT_OPTIMIZATION_LEVEL = "-O";
				VALIDATE_PRODUCT = YES;
			};
			name = Release;
		};
		E6B3352F25FFD3FF00AE2CB4 /* Debug */ = {
			isa = XCBuildConfiguration;
			baseConfigurationReference = 3D720754B7337D3B01271579 /* Pods-MovieMania.debug.xcconfig */;
			buildSettings = {
				ASSETCATALOG_COMPILER_APPICON_NAME = AppIcon;
				ASSETCATALOG_COMPILER_GLOBAL_ACCENT_COLOR_NAME = AccentColor;
				CODE_SIGN_STYLE = Automatic;
				INFOPLIST_FILE = MovieMania/Info.plist;
				LD_RUNPATH_SEARCH_PATHS = (
					"$(inherited)",
					"@executable_path/Frameworks",
				);
				PRODUCT_BUNDLE_IDENTIFIER = com.MarcDaou.MovieMania;
				PRODUCT_NAME = "$(TARGET_NAME)";
				SWIFT_VERSION = 5.0;
				TARGETED_DEVICE_FAMILY = "1,2";
			};
			name = Debug;
		};
		E6B3353025FFD3FF00AE2CB4 /* Release */ = {
			isa = XCBuildConfiguration;
			baseConfigurationReference = 3004DEC5D40B720FE0C1ADB9 /* Pods-MovieMania.release.xcconfig */;
			buildSettings = {
				ASSETCATALOG_COMPILER_APPICON_NAME = AppIcon;
				ASSETCATALOG_COMPILER_GLOBAL_ACCENT_COLOR_NAME = AccentColor;
				CODE_SIGN_STYLE = Automatic;
				INFOPLIST_FILE = MovieMania/Info.plist;
				LD_RUNPATH_SEARCH_PATHS = (
					"$(inherited)",
					"@executable_path/Frameworks",
				);
				PRODUCT_BUNDLE_IDENTIFIER = com.MarcDaou.MovieMania;
				PRODUCT_NAME = "$(TARGET_NAME)";
				SWIFT_VERSION = 5.0;
				TARGETED_DEVICE_FAMILY = "1,2";
			};
			name = Release;
		};
		E6B3353225FFD3FF00AE2CB4 /* Debug */ = {
			isa = XCBuildConfiguration;
			baseConfigurationReference = 28669F790C696FC1DF36392B /* Pods-MovieManiaTests.debug.xcconfig */;
			buildSettings = {
				ALWAYS_EMBED_SWIFT_STANDARD_LIBRARIES = YES;
				BUNDLE_LOADER = "$(TEST_HOST)";
				CODE_SIGN_STYLE = Automatic;
				INFOPLIST_FILE = MovieManiaTests/Info.plist;
				IPHONEOS_DEPLOYMENT_TARGET = 14.2;
				LD_RUNPATH_SEARCH_PATHS = (
					"$(inherited)",
					"@executable_path/Frameworks",
					"@loader_path/Frameworks",
				);
				PRODUCT_BUNDLE_IDENTIFIER = com.MarcDaou.MovieManiaTests;
				PRODUCT_NAME = "$(TARGET_NAME)";
				SWIFT_VERSION = 5.0;
				TARGETED_DEVICE_FAMILY = "1,2";
				TEST_HOST = "$(BUILT_PRODUCTS_DIR)/MovieMania.app/MovieMania";
			};
			name = Debug;
		};
		E6B3353325FFD3FF00AE2CB4 /* Release */ = {
			isa = XCBuildConfiguration;
			baseConfigurationReference = 2A8810821A8EA99FA47BB03E /* Pods-MovieManiaTests.release.xcconfig */;
			buildSettings = {
				ALWAYS_EMBED_SWIFT_STANDARD_LIBRARIES = YES;
				BUNDLE_LOADER = "$(TEST_HOST)";
				CODE_SIGN_STYLE = Automatic;
				INFOPLIST_FILE = MovieManiaTests/Info.plist;
				IPHONEOS_DEPLOYMENT_TARGET = 14.2;
				LD_RUNPATH_SEARCH_PATHS = (
					"$(inherited)",
					"@executable_path/Frameworks",
					"@loader_path/Frameworks",
				);
				PRODUCT_BUNDLE_IDENTIFIER = com.MarcDaou.MovieManiaTests;
				PRODUCT_NAME = "$(TARGET_NAME)";
				SWIFT_VERSION = 5.0;
				TARGETED_DEVICE_FAMILY = "1,2";
				TEST_HOST = "$(BUILT_PRODUCTS_DIR)/MovieMania.app/MovieMania";
			};
			name = Release;
		};
		E6B3353525FFD3FF00AE2CB4 /* Debug */ = {
			isa = XCBuildConfiguration;
			baseConfigurationReference = 4785EEEEE957BEF460C7F0D4 /* Pods-MovieMania-MovieManiaUITests.debug.xcconfig */;
			buildSettings = {
				ALWAYS_EMBED_SWIFT_STANDARD_LIBRARIES = YES;
				CODE_SIGN_STYLE = Automatic;
				INFOPLIST_FILE = MovieManiaUITests/Info.plist;
				LD_RUNPATH_SEARCH_PATHS = (
					"$(inherited)",
					"@executable_path/Frameworks",
					"@loader_path/Frameworks",
				);
				PRODUCT_BUNDLE_IDENTIFIER = com.MarcDaou.MovieManiaUITests;
				PRODUCT_NAME = "$(TARGET_NAME)";
				SWIFT_VERSION = 5.0;
				TARGETED_DEVICE_FAMILY = "1,2";
				TEST_TARGET_NAME = MovieMania;
			};
			name = Debug;
		};
		E6B3353625FFD3FF00AE2CB4 /* Release */ = {
			isa = XCBuildConfiguration;
			baseConfigurationReference = 57048E86A1D77DA86F521D0A /* Pods-MovieMania-MovieManiaUITests.release.xcconfig */;
			buildSettings = {
				ALWAYS_EMBED_SWIFT_STANDARD_LIBRARIES = YES;
				CODE_SIGN_STYLE = Automatic;
				INFOPLIST_FILE = MovieManiaUITests/Info.plist;
				LD_RUNPATH_SEARCH_PATHS = (
					"$(inherited)",
					"@executable_path/Frameworks",
					"@loader_path/Frameworks",
				);
				PRODUCT_BUNDLE_IDENTIFIER = com.MarcDaou.MovieManiaUITests;
				PRODUCT_NAME = "$(TARGET_NAME)";
				SWIFT_VERSION = 5.0;
				TARGETED_DEVICE_FAMILY = "1,2";
				TEST_TARGET_NAME = MovieMania;
			};
			name = Release;
		};
/* End XCBuildConfiguration section */

/* Begin XCConfigurationList section */
		E6B334FF25FFD3FE00AE2CB4 /* Build configuration list for PBXProject "MovieMania" */ = {
			isa = XCConfigurationList;
			buildConfigurations = (
				E6B3352C25FFD3FF00AE2CB4 /* Debug */,
				E6B3352D25FFD3FF00AE2CB4 /* Release */,
			);
			defaultConfigurationIsVisible = 0;
			defaultConfigurationName = Release;
		};
		E6B3352E25FFD3FF00AE2CB4 /* Build configuration list for PBXNativeTarget "MovieMania" */ = {
			isa = XCConfigurationList;
			buildConfigurations = (
				E6B3352F25FFD3FF00AE2CB4 /* Debug */,
				E6B3353025FFD3FF00AE2CB4 /* Release */,
			);
			defaultConfigurationIsVisible = 0;
			defaultConfigurationName = Release;
		};
		E6B3353125FFD3FF00AE2CB4 /* Build configuration list for PBXNativeTarget "MovieManiaTests" */ = {
			isa = XCConfigurationList;
			buildConfigurations = (
				E6B3353225FFD3FF00AE2CB4 /* Debug */,
				E6B3353325FFD3FF00AE2CB4 /* Release */,
			);
			defaultConfigurationIsVisible = 0;
			defaultConfigurationName = Release;
		};
		E6B3353425FFD3FF00AE2CB4 /* Build configuration list for PBXNativeTarget "MovieManiaUITests" */ = {
			isa = XCConfigurationList;
			buildConfigurations = (
				E6B3353525FFD3FF00AE2CB4 /* Debug */,
				E6B3353625FFD3FF00AE2CB4 /* Release */,
			);
			defaultConfigurationIsVisible = 0;
			defaultConfigurationName = Release;
		};
/* End XCConfigurationList section */
	};
	rootObject = E6B334FC25FFD3FE00AE2CB4 /* Project object */;
}
